
Microsoft Visual Studio Solution File, Format Version 12.00
# Visual Studio 2013
VisualStudioVersion = 12.0.31101.0
MinimumVisualStudioVersion = 10.0.40219.1
Project("{FAE04EC0-301F-11D3-BF4B-00C04F79EFBC}") = "MainLogic", "MainLogic\MainLogic.csproj", "{76861D86-A4FC-42B2-A57F-9D99B3F8562B}"
EndProject
Project("{FAE04EC0-301F-11D3-BF4B-00C04F79EFBC}") = "CheesBattleConsoleTest", "CheesBattleConsoleTest\CheesBattleConsoleTest.csproj", "{F952882B-9D99-4000-A3A3-71E375FF7A05}"
EndProject
Global
	GlobalSection(SolutionConfigurationPlatforms) = preSolution
		Debug|Any CPU = Debug|Any CPU
		Release|Any CPU = Release|Any CPU
	EndGlobalSection
	GlobalSection(ProjectConfigurationPlatforms) = postSolution
		{76861D86-A4FC-42B2-A57F-9D99B3F8562B}.Debug|Any CPU.ActiveCfg = Debug|Any CPU
		{76861D86-A4FC-42B2-A57F-9D99B3F8562B}.Debug|Any CPU.Build.0 = Debug|Any CPU
		{76861D86-A4FC-42B2-A57F-9D99B3F8562B}.Release|Any CPU.ActiveCfg = Release|Any CPU
		{76861D86-A4FC-42B2-A57F-9D99B3F8562B}.Release|Any CPU.Build.0 = Release|Any CPU
		{F952882B-9D99-4000-A3A3-71E375FF7A05}.Debug|Any CPU.ActiveCfg = Debug|Any CPU
		{F952882B-9D99-4000-A3A3-71E375FF7A05}.Debug|Any CPU.Build.0 = Debug|Any CPU
		{F952882B-9D99-4000-A3A3-71E375FF7A05}.Release|Any CPU.ActiveCfg = Release|Any CPU
		{F952882B-9D99-4000-A3A3-71E375FF7A05}.Release|Any CPU.Build.0 = Release|Any CPU
	EndGlobalSection
	GlobalSection(SolutionProperties) = preSolution
		HideSolutionNode = FALSE
	EndGlobalSection
EndGlobal
